
Microsoft Visual Studio Solution File, Format Version 12.00
# Visual Studio 14
VisualStudioVersion = 14.0.25420.1
MinimumVisualStudioVersion = 10.0.40219.1
Project("{8BC9CEB8-8B4A-11D0-8D11-00A0C91BC942}") = "Functions", "Functions\Functions.vcxproj", "{1EBD7B6A-9D8C-4A00-BC3C-279087BC67D4}"
EndProject
Project("{8BC9CEB8-8B4A-11D0-8D11-00A0C91BC942}") = "Const parameters", "Const parameters\Const parameters.vcxproj", "{312C240D-9FE5-47A2-8C0A-D85452DC2A88}"
EndProject
Project("{8BC9CEB8-8B4A-11D0-8D11-00A0C91BC942}") = "Volatile parameters", "Volatile parameters\Volatile parameters.vcxproj", "{E1666192-A035-4BEA-ABD4-857ABF42801F}"
EndProject
Project("{8BC9CEB8-8B4A-11D0-8D11-00A0C91BC942}") = "Prototype", "Prototype\Prototype.vcxproj", "{D93F78E9-6AFE-418B-9289-778635AB14B7}"
EndProject
Project("{8BC9CEB8-8B4A-11D0-8D11-00A0C91BC942}") = "Locals", "Locals\Locals.vcxproj", "{D2D84E98-C385-49BB-8930-819D43283D50}"
EndProject
Project("{8BC9CEB8-8B4A-11D0-8D11-00A0C91BC942}") = "ConstVolatileReturn", "ConstVolatileReturn\ConstVolatileReturn.vcxproj", "{35D4328D-676A-4F9E-AD77-FCAB0387DC64}"
EndProject
Project("{8BC9CEB8-8B4A-11D0-8D11-00A0C91BC942}") = "DecltypeReturn", "DecltypeReturn\DecltypeReturn.vcxproj", "{7AB44C82-BC9C-447F-B2D2-5486D0DB25EE}"
EndProject
Project("{8BC9CEB8-8B4A-11D0-8D11-00A0C91BC942}") = "AutoRecurcReturn", "AutoRecurcReturn\AutoRecurcReturn.vcxproj", "{74ED39E2-FD8F-44B1-8733-ADF426D2102A}"
EndProject
Project("{8BC9CEB8-8B4A-11D0-8D11-00A0C91BC942}") = "__func__use", "__func__use\__func__use.vcxproj", "{26765240-A94C-4287-BE55-46BBE0279880}"
EndProject
Project("{8BC9CEB8-8B4A-11D0-8D11-00A0C91BC942}") = "Function pass by value", "Function pass by value\Function pass by value.vcxproj", "{75F53063-6AE7-4F50-A452-F3E3529FE87F}"
EndProject
Project("{8BC9CEB8-8B4A-11D0-8D11-00A0C91BC942}") = "Function pass by pointer", "Function pass by pointer\Function pass by pointer.vcxproj", "{086B59DB-381B-4D1E-8E6A-9A497E7317DD}"
EndProject
Project("{8BC9CEB8-8B4A-11D0-8D11-00A0C91BC942}") = "Function pass by reference", "Function pass by reference\Function pass by reference.vcxproj", "{9ECC5DDE-82FD-4537-96AB-9D361058B35E}"
EndProject
Project("{8BC9CEB8-8B4A-11D0-8D11-00A0C91BC942}") = "StructReturn", "StructReturn\StructReturn.vcxproj", "{1B2F42A8-29E9-4DA7-B047-435D3A9EA1C8}"
EndProject
Project("{8BC9CEB8-8B4A-11D0-8D11-00A0C91BC942}") = "RefReturn", "RefReturn\RefReturn.vcxproj", "{9AD55283-96F1-4436-9CFB-F79DC49C8CF3}"
EndProject
Project("{8BC9CEB8-8B4A-11D0-8D11-00A0C91BC942}") = "ArrayOfPtrToFun", "ArrayOfPtrToFun\ArrayOfPtrToFun.vcxproj", "{EF81A5FC-3F4D-4D14-BB8D-8535A3158EA0}"
EndProject
Project("{8BC9CEB8-8B4A-11D0-8D11-00A0C91BC942}") = "Function Alias", "Function Alias\Function Alias.vcxproj", "{814A4FC3-FC73-4D26-AF19-7236467ABB37}"
EndProject
Project("{8BC9CEB8-8B4A-11D0-8D11-00A0C91BC942}") = "CallBack", "CallBack\CallBack.vcxproj", "{85FED3FA-A6F4-4440-989B-31382268E607}"
EndProject
Project("{8BC9CEB8-8B4A-11D0-8D11-00A0C91BC942}") = "PointerToFunction", "PointerToFunction\PointerToFunction.vcxproj", "{A5C09E12-C636-488F-8F6C-D1FB812FC6FA}"
EndProject
Project("{8BC9CEB8-8B4A-11D0-8D11-00A0C91BC942}") = "PointerToFunction2", "PointerToFunction2\PointerToFunction2.vcxproj", "{3BF5B684-CBD7-4395-B1BD-8ABF3FAC3ABC}"
EndProject
Project("{8BC9CEB8-8B4A-11D0-8D11-00A0C91BC942}") = "PointerToFunction3", "PointerToFunction3\PointerToFunction3.vcxproj", "{4B6A5C3D-539A-4DF7-857F-4A0FF6E4D134}"
EndProject
Project("{8BC9CEB8-8B4A-11D0-8D11-00A0C91BC942}") = "Lyambda 1", "Lyambda 1\Lyambda 1.vcxproj", "{C39C29F4-7EA9-4400-BED5-E391D251717E}"
EndProject
Project("{8BC9CEB8-8B4A-11D0-8D11-00A0C91BC942}") = "Overloading", "Overloading\Overloading.vcxproj", "{98E4B0A3-975C-47DE-8933-9E535143DB11}"
EndProject
Project("{8BC9CEB8-8B4A-11D0-8D11-00A0C91BC942}") = "VAList", "VAList\VAList.vcxproj", "{A8CA556A-C3AD-4151-8495-E80F86FAC187}"
EndProject
Project("{8BC9CEB8-8B4A-11D0-8D11-00A0C91BC942}") = "ArgumentByDefault", "ArgumentByDefault\ArgumentByDefault.vcxproj", "{E04A155E-6C17-4D8B-95A1-1CE8B4D37E51}"
EndProject
Project("{8BC9CEB8-8B4A-11D0-8D11-00A0C91BC942}") = "ArgumentByDefault2", "ArgumentByDefault2\ArgumentByDefault2.vcxproj", "{57114FC7-F867-49D8-B0C9-3D9E42055DBD}"
EndProject
Project("{8BC9CEB8-8B4A-11D0-8D11-00A0C91BC942}") = "ArgumentByDefault3", "ArgumentByDefault3\ArgumentByDefault3.vcxproj", "{19F3E541-FF50-41E2-BCF0-2B50C2AAD73F}"
EndProject
Project("{8BC9CEB8-8B4A-11D0-8D11-00A0C91BC942}") = "ArgumentByDefault4", "ArgumentByDefault4\ArgumentByDefault4.vcxproj", "{6BA2B153-E5B9-41B1-A37D-03E4A543FDED}"
EndProject
Global
	GlobalSection(SolutionConfigurationPlatforms) = preSolution
		Debug|x64 = Debug|x64
		Debug|x86 = Debug|x86
		Release|x64 = Release|x64
		Release|x86 = Release|x86
	EndGlobalSection
	GlobalSection(ProjectConfigurationPlatforms) = postSolution
		{1EBD7B6A-9D8C-4A00-BC3C-279087BC67D4}.Debug|x64.ActiveCfg = Debug|x64
		{1EBD7B6A-9D8C-4A00-BC3C-279087BC67D4}.Debug|x64.Build.0 = Debug|x64
		{1EBD7B6A-9D8C-4A00-BC3C-279087BC67D4}.Debug|x86.ActiveCfg = Debug|Win32
		{1EBD7B6A-9D8C-4A00-BC3C-279087BC67D4}.Debug|x86.Build.0 = Debug|Win32
		{1EBD7B6A-9D8C-4A00-BC3C-279087BC67D4}.Release|x64.ActiveCfg = Release|x64
		{1EBD7B6A-9D8C-4A00-BC3C-279087BC67D4}.Release|x64.Build.0 = Release|x64
		{1EBD7B6A-9D8C-4A00-BC3C-279087BC67D4}.Release|x86.ActiveCfg = Release|Win32
		{1EBD7B6A-9D8C-4A00-BC3C-279087BC67D4}.Release|x86.Build.0 = Release|Win32
		{312C240D-9FE5-47A2-8C0A-D85452DC2A88}.Debug|x64.ActiveCfg = Debug|x64
		{312C240D-9FE5-47A2-8C0A-D85452DC2A88}.Debug|x64.Build.0 = Debug|x64
		{312C240D-9FE5-47A2-8C0A-D85452DC2A88}.Debug|x86.ActiveCfg = Debug|Win32
		{312C240D-9FE5-47A2-8C0A-D85452DC2A88}.Debug|x86.Build.0 = Debug|Win32
		{312C240D-9FE5-47A2-8C0A-D85452DC2A88}.Release|x64.ActiveCfg = Release|x64
		{312C240D-9FE5-47A2-8C0A-D85452DC2A88}.Release|x64.Build.0 = Release|x64
		{312C240D-9FE5-47A2-8C0A-D85452DC2A88}.Release|x86.ActiveCfg = Release|Win32
		{312C240D-9FE5-47A2-8C0A-D85452DC2A88}.Release|x86.Build.0 = Release|Win32
		{E1666192-A035-4BEA-ABD4-857ABF42801F}.Debug|x64.ActiveCfg = Debug|x64
		{E1666192-A035-4BEA-ABD4-857ABF42801F}.Debug|x64.Build.0 = Debug|x64
		{E1666192-A035-4BEA-ABD4-857ABF42801F}.Debug|x86.ActiveCfg = Debug|Win32
		{E1666192-A035-4BEA-ABD4-857ABF42801F}.Debug|x86.Build.0 = Debug|Win32
		{E1666192-A035-4BEA-ABD4-857ABF42801F}.Release|x64.ActiveCfg = Release|x64
		{E1666192-A035-4BEA-ABD4-857ABF42801F}.Release|x64.Build.0 = Release|x64
		{E1666192-A035-4BEA-ABD4-857ABF42801F}.Release|x86.ActiveCfg = Release|Win32
		{E1666192-A035-4BEA-ABD4-857ABF42801F}.Release|x86.Build.0 = Release|Win32
		{D93F78E9-6AFE-418B-9289-778635AB14B7}.Debug|x64.ActiveCfg = Debug|x64
		{D93F78E9-6AFE-418B-9289-778635AB14B7}.Debug|x64.Build.0 = Debug|x64
		{D93F78E9-6AFE-418B-9289-778635AB14B7}.Debug|x86.ActiveCfg = Debug|Win32
		{D93F78E9-6AFE-418B-9289-778635AB14B7}.Debug|x86.Build.0 = Debug|Win32
		{D93F78E9-6AFE-418B-9289-778635AB14B7}.Release|x64.ActiveCfg = Release|x64
		{D93F78E9-6AFE-418B-9289-778635AB14B7}.Release|x64.Build.0 = Release|x64
		{D93F78E9-6AFE-418B-9289-778635AB14B7}.Release|x86.ActiveCfg = Release|Win32
		{D93F78E9-6AFE-418B-9289-778635AB14B7}.Release|x86.Build.0 = Release|Win32
		{D2D84E98-C385-49BB-8930-819D43283D50}.Debug|x64.ActiveCfg = Debug|x64
		{D2D84E98-C385-49BB-8930-819D43283D50}.Debug|x64.Build.0 = Debug|x64
		{D2D84E98-C385-49BB-8930-819D43283D50}.Debug|x86.ActiveCfg = Debug|Win32
		{D2D84E98-C385-49BB-8930-819D43283D50}.Debug|x86.Build.0 = Debug|Win32
		{D2D84E98-C385-49BB-8930-819D43283D50}.Release|x64.ActiveCfg = Release|x64
		{D2D84E98-C385-49BB-8930-819D43283D50}.Release|x64.Build.0 = Release|x64
		{D2D84E98-C385-49BB-8930-819D43283D50}.Release|x86.ActiveCfg = Release|Win32
		{D2D84E98-C385-49BB-8930-819D43283D50}.Release|x86.Build.0 = Release|Win32
		{35D4328D-676A-4F9E-AD77-FCAB0387DC64}.Debug|x64.ActiveCfg = Debug|x64
		{35D4328D-676A-4F9E-AD77-FCAB0387DC64}.Debug|x64.Build.0 = Debug|x64
		{35D4328D-676A-4F9E-AD77-FCAB0387DC64}.Debug|x86.ActiveCfg = Debug|Win32
		{35D4328D-676A-4F9E-AD77-FCAB0387DC64}.Debug|x86.Build.0 = Debug|Win32
		{35D4328D-676A-4F9E-AD77-FCAB0387DC64}.Release|x64.ActiveCfg = Release|x64
		{35D4328D-676A-4F9E-AD77-FCAB0387DC64}.Release|x64.Build.0 = Release|x64
		{35D4328D-676A-4F9E-AD77-FCAB0387DC64}.Release|x86.ActiveCfg = Release|Win32
		{35D4328D-676A-4F9E-AD77-FCAB0387DC64}.Release|x86.Build.0 = Release|Win32
		{7AB44C82-BC9C-447F-B2D2-5486D0DB25EE}.Debug|x64.ActiveCfg = Debug|x64
		{7AB44C82-BC9C-447F-B2D2-5486D0DB25EE}.Debug|x64.Build.0 = Debug|x64
		{7AB44C82-BC9C-447F-B2D2-5486D0DB25EE}.Debug|x86.ActiveCfg = Debug|Win32
		{7AB44C82-BC9C-447F-B2D2-5486D0DB25EE}.Debug|x86.Build.0 = Debug|Win32
		{7AB44C82-BC9C-447F-B2D2-5486D0DB25EE}.Release|x64.ActiveCfg = Release|x64
		{7AB44C82-BC9C-447F-B2D2-5486D0DB25EE}.Release|x64.Build.0 = Release|x64
		{7AB44C82-BC9C-447F-B2D2-5486D0DB25EE}.Release|x86.ActiveCfg = Release|Win32
		{7AB44C82-BC9C-447F-B2D2-5486D0DB25EE}.Release|x86.Build.0 = Release|Win32
		{74ED39E2-FD8F-44B1-8733-ADF426D2102A}.Debug|x64.ActiveCfg = Debug|x64
		{74ED39E2-FD8F-44B1-8733-ADF426D2102A}.Debug|x64.Build.0 = Debug|x64
		{74ED39E2-FD8F-44B1-8733-ADF426D2102A}.Debug|x86.ActiveCfg = Debug|Win32
		{74ED39E2-FD8F-44B1-8733-ADF426D2102A}.Debug|x86.Build.0 = Debug|Win32
		{74ED39E2-FD8F-44B1-8733-ADF426D2102A}.Release|x64.ActiveCfg = Release|x64
		{74ED39E2-FD8F-44B1-8733-ADF426D2102A}.Release|x64.Build.0 = Release|x64
		{74ED39E2-FD8F-44B1-8733-ADF426D2102A}.Release|x86.ActiveCfg = Release|Win32
		{74ED39E2-FD8F-44B1-8733-ADF426D2102A}.Release|x86.Build.0 = Release|Win32
		{26765240-A94C-4287-BE55-46BBE0279880}.Debug|x64.ActiveCfg = Debug|x64
		{26765240-A94C-4287-BE55-46BBE0279880}.Debug|x64.Build.0 = Debug|x64
		{26765240-A94C-4287-BE55-46BBE0279880}.Debug|x86.ActiveCfg = Debug|Win32
		{26765240-A94C-4287-BE55-46BBE0279880}.Debug|x86.Build.0 = Debug|Win32
		{26765240-A94C-4287-BE55-46BBE0279880}.Release|x64.ActiveCfg = Release|x64
		{26765240-A94C-4287-BE55-46BBE0279880}.Release|x64.Build.0 = Release|x64
		{26765240-A94C-4287-BE55-46BBE0279880}.Release|x86.ActiveCfg = Release|Win32
		{26765240-A94C-4287-BE55-46BBE0279880}.Release|x86.Build.0 = Release|Win32
		{75F53063-6AE7-4F50-A452-F3E3529FE87F}.Debug|x64.ActiveCfg = Debug|x64
		{75F53063-6AE7-4F50-A452-F3E3529FE87F}.Debug|x64.Build.0 = Debug|x64
		{75F53063-6AE7-4F50-A452-F3E3529FE87F}.Debug|x86.ActiveCfg = Debug|Win32
		{75F53063-6AE7-4F50-A452-F3E3529FE87F}.Debug|x86.Build.0 = Debug|Win32
		{75F53063-6AE7-4F50-A452-F3E3529FE87F}.Release|x64.ActiveCfg = Release|x64
		{75F53063-6AE7-4F50-A452-F3E3529FE87F}.Release|x64.Build.0 = Release|x64
		{75F53063-6AE7-4F50-A452-F3E3529FE87F}.Release|x86.ActiveCfg = Release|Win32
		{75F53063-6AE7-4F50-A452-F3E3529FE87F}.Release|x86.Build.0 = Release|Win32
		{086B59DB-381B-4D1E-8E6A-9A497E7317DD}.Debug|x64.ActiveCfg = Debug|x64
		{086B59DB-381B-4D1E-8E6A-9A497E7317DD}.Debug|x64.Build.0 = Debug|x64
		{086B59DB-381B-4D1E-8E6A-9A497E7317DD}.Debug|x86.ActiveCfg = Debug|Win32
		{086B59DB-381B-4D1E-8E6A-9A497E7317DD}.Debug|x86.Build.0 = Debug|Win32
		{086B59DB-381B-4D1E-8E6A-9A497E7317DD}.Release|x64.ActiveCfg = Release|x64
		{086B59DB-381B-4D1E-8E6A-9A497E7317DD}.Release|x64.Build.0 = Release|x64
		{086B59DB-381B-4D1E-8E6A-9A497E7317DD}.Release|x86.ActiveCfg = Release|Win32
		{086B59DB-381B-4D1E-8E6A-9A497E7317DD}.Release|x86.Build.0 = Release|Win32
		{9ECC5DDE-82FD-4537-96AB-9D361058B35E}.Debug|x64.ActiveCfg = Debug|x64
		{9ECC5DDE-82FD-4537-96AB-9D361058B35E}.Debug|x64.Build.0 = Debug|x64
		{9ECC5DDE-82FD-4537-96AB-9D361058B35E}.Debug|x86.ActiveCfg = Debug|Win32
		{9ECC5DDE-82FD-4537-96AB-9D361058B35E}.Debug|x86.Build.0 = Debug|Win32
		{9ECC5DDE-82FD-4537-96AB-9D361058B35E}.Release|x64.ActiveCfg = Release|x64
		{9ECC5DDE-82FD-4537-96AB-9D361058B35E}.Release|x64.Build.0 = Release|x64
		{9ECC5DDE-82FD-4537-96AB-9D361058B35E}.Release|x86.ActiveCfg = Release|Win32
		{9ECC5DDE-82FD-4537-96AB-9D361058B35E}.Release|x86.Build.0 = Release|Win32
		{1B2F42A8-29E9-4DA7-B047-435D3A9EA1C8}.Debug|x64.ActiveCfg = Debug|x64
		{1B2F42A8-29E9-4DA7-B047-435D3A9EA1C8}.Debug|x64.Build.0 = Debug|x64
		{1B2F42A8-29E9-4DA7-B047-435D3A9EA1C8}.Debug|x86.ActiveCfg = Debug|Win32
		{1B2F42A8-29E9-4DA7-B047-435D3A9EA1C8}.Debug|x86.Build.0 = Debug|Win32
		{1B2F42A8-29E9-4DA7-B047-435D3A9EA1C8}.Release|x64.ActiveCfg = Release|x64
		{1B2F42A8-29E9-4DA7-B047-435D3A9EA1C8}.Release|x64.Build.0 = Release|x64
		{1B2F42A8-29E9-4DA7-B047-435D3A9EA1C8}.Release|x86.ActiveCfg = Release|Win32
		{1B2F42A8-29E9-4DA7-B047-435D3A9EA1C8}.Release|x86.Build.0 = Release|Win32
		{9AD55283-96F1-4436-9CFB-F79DC49C8CF3}.Debug|x64.ActiveCfg = Debug|x64
		{9AD55283-96F1-4436-9CFB-F79DC49C8CF3}.Debug|x64.Build.0 = Debug|x64
		{9AD55283-96F1-4436-9CFB-F79DC49C8CF3}.Debug|x86.ActiveCfg = Debug|Win32
		{9AD55283-96F1-4436-9CFB-F79DC49C8CF3}.Debug|x86.Build.0 = Debug|Win32
		{9AD55283-96F1-4436-9CFB-F79DC49C8CF3}.Release|x64.ActiveCfg = Release|x64
		{9AD55283-96F1-4436-9CFB-F79DC49C8CF3}.Release|x64.Build.0 = Release|x64
		{9AD55283-96F1-4436-9CFB-F79DC49C8CF3}.Release|x86.ActiveCfg = Release|Win32
		{9AD55283-96F1-4436-9CFB-F79DC49C8CF3}.Release|x86.Build.0 = Release|Win32
		{EF81A5FC-3F4D-4D14-BB8D-8535A3158EA0}.Debug|x64.ActiveCfg = Debug|x64
		{EF81A5FC-3F4D-4D14-BB8D-8535A3158EA0}.Debug|x64.Build.0 = Debug|x64
		{EF81A5FC-3F4D-4D14-BB8D-8535A3158EA0}.Debug|x86.ActiveCfg = Debug|Win32
		{EF81A5FC-3F4D-4D14-BB8D-8535A3158EA0}.Debug|x86.Build.0 = Debug|Win32
		{EF81A5FC-3F4D-4D14-BB8D-8535A3158EA0}.Release|x64.ActiveCfg = Release|x64
		{EF81A5FC-3F4D-4D14-BB8D-8535A3158EA0}.Release|x64.Build.0 = Release|x64
		{EF81A5FC-3F4D-4D14-BB8D-8535A3158EA0}.Release|x86.ActiveCfg = Release|Win32
		{EF81A5FC-3F4D-4D14-BB8D-8535A3158EA0}.Release|x86.Build.0 = Release|Win32
		{814A4FC3-FC73-4D26-AF19-7236467ABB37}.Debug|x64.ActiveCfg = Debug|x64
		{814A4FC3-FC73-4D26-AF19-7236467ABB37}.Debug|x64.Build.0 = Debug|x64
		{814A4FC3-FC73-4D26-AF19-7236467ABB37}.Debug|x86.ActiveCfg = Debug|Win32
		{814A4FC3-FC73-4D26-AF19-7236467ABB37}.Debug|x86.Build.0 = Debug|Win32
		{814A4FC3-FC73-4D26-AF19-7236467ABB37}.Release|x64.ActiveCfg = Release|x64
		{814A4FC3-FC73-4D26-AF19-7236467ABB37}.Release|x64.Build.0 = Release|x64
		{814A4FC3-FC73-4D26-AF19-7236467ABB37}.Release|x86.ActiveCfg = Release|Win32
		{814A4FC3-FC73-4D26-AF19-7236467ABB37}.Release|x86.Build.0 = Release|Win32
		{85FED3FA-A6F4-4440-989B-31382268E607}.Debug|x64.ActiveCfg = Debug|x64
		{85FED3FA-A6F4-4440-989B-31382268E607}.Debug|x64.Build.0 = Debug|x64
		{85FED3FA-A6F4-4440-989B-31382268E607}.Debug|x86.ActiveCfg = Debug|Win32
		{85FED3FA-A6F4-4440-989B-31382268E607}.Debug|x86.Build.0 = Debug|Win32
		{85FED3FA-A6F4-4440-989B-31382268E607}.Release|x64.ActiveCfg = Release|x64
		{85FED3FA-A6F4-4440-989B-31382268E607}.Release|x64.Build.0 = Release|x64
		{85FED3FA-A6F4-4440-989B-31382268E607}.Release|x86.ActiveCfg = Release|Win32
		{85FED3FA-A6F4-4440-989B-31382268E607}.Release|x86.Build.0 = Release|Win32
		{A5C09E12-C636-488F-8F6C-D1FB812FC6FA}.Debug|x64.ActiveCfg = Debug|x64
		{A5C09E12-C636-488F-8F6C-D1FB812FC6FA}.Debug|x64.Build.0 = Debug|x64
		{A5C09E12-C636-488F-8F6C-D1FB812FC6FA}.Debug|x86.ActiveCfg = Debug|Win32
		{A5C09E12-C636-488F-8F6C-D1FB812FC6FA}.Debug|x86.Build.0 = Debug|Win32
		{A5C09E12-C636-488F-8F6C-D1FB812FC6FA}.Release|x64.ActiveCfg = Release|x64
		{A5C09E12-C636-488F-8F6C-D1FB812FC6FA}.Release|x64.Build.0 = Release|x64
		{A5C09E12-C636-488F-8F6C-D1FB812FC6FA}.Release|x86.ActiveCfg = Release|Win32
		{A5C09E12-C636-488F-8F6C-D1FB812FC6FA}.Release|x86.Build.0 = Release|Win32
		{3BF5B684-CBD7-4395-B1BD-8ABF3FAC3ABC}.Debug|x64.ActiveCfg = Debug|x64
		{3BF5B684-CBD7-4395-B1BD-8ABF3FAC3ABC}.Debug|x64.Build.0 = Debug|x64
		{3BF5B684-CBD7-4395-B1BD-8ABF3FAC3ABC}.Debug|x86.ActiveCfg = Debug|Win32
		{3BF5B684-CBD7-4395-B1BD-8ABF3FAC3ABC}.Debug|x86.Build.0 = Debug|Win32
		{3BF5B684-CBD7-4395-B1BD-8ABF3FAC3ABC}.Release|x64.ActiveCfg = Release|x64
		{3BF5B684-CBD7-4395-B1BD-8ABF3FAC3ABC}.Release|x64.Build.0 = Release|x64
		{3BF5B684-CBD7-4395-B1BD-8ABF3FAC3ABC}.Release|x86.ActiveCfg = Release|Win32
		{3BF5B684-CBD7-4395-B1BD-8ABF3FAC3ABC}.Release|x86.Build.0 = Release|Win32
		{4B6A5C3D-539A-4DF7-857F-4A0FF6E4D134}.Debug|x64.ActiveCfg = Debug|x64
		{4B6A5C3D-539A-4DF7-857F-4A0FF6E4D134}.Debug|x64.Build.0 = Debug|x64
		{4B6A5C3D-539A-4DF7-857F-4A0FF6E4D134}.Debug|x86.ActiveCfg = Debug|Win32
		{4B6A5C3D-539A-4DF7-857F-4A0FF6E4D134}.Debug|x86.Build.0 = Debug|Win32
		{4B6A5C3D-539A-4DF7-857F-4A0FF6E4D134}.Release|x64.ActiveCfg = Release|x64
		{4B6A5C3D-539A-4DF7-857F-4A0FF6E4D134}.Release|x64.Build.0 = Release|x64
		{4B6A5C3D-539A-4DF7-857F-4A0FF6E4D134}.Release|x86.ActiveCfg = Release|Win32
		{4B6A5C3D-539A-4DF7-857F-4A0FF6E4D134}.Release|x86.Build.0 = Release|Win32
		{C39C29F4-7EA9-4400-BED5-E391D251717E}.Debug|x64.ActiveCfg = Debug|x64
		{C39C29F4-7EA9-4400-BED5-E391D251717E}.Debug|x64.Build.0 = Debug|x64
		{C39C29F4-7EA9-4400-BED5-E391D251717E}.Debug|x86.ActiveCfg = Debug|Win32
		{C39C29F4-7EA9-4400-BED5-E391D251717E}.Debug|x86.Build.0 = Debug|Win32
		{C39C29F4-7EA9-4400-BED5-E391D251717E}.Release|x64.ActiveCfg = Release|x64
		{C39C29F4-7EA9-4400-BED5-E391D251717E}.Release|x64.Build.0 = Release|x64
		{C39C29F4-7EA9-4400-BED5-E391D251717E}.Release|x86.ActiveCfg = Release|Win32
		{C39C29F4-7EA9-4400-BED5-E391D251717E}.Release|x86.Build.0 = Release|Win32
		{98E4B0A3-975C-47DE-8933-9E535143DB11}.Debug|x64.ActiveCfg = Debug|x64
		{98E4B0A3-975C-47DE-8933-9E535143DB11}.Debug|x64.Build.0 = Debug|x64
		{98E4B0A3-975C-47DE-8933-9E535143DB11}.Debug|x86.ActiveCfg = Debug|Win32
		{98E4B0A3-975C-47DE-8933-9E535143DB11}.Debug|x86.Build.0 = Debug|Win32
		{98E4B0A3-975C-47DE-8933-9E535143DB11}.Release|x64.ActiveCfg = Release|x64
		{98E4B0A3-975C-47DE-8933-9E535143DB11}.Release|x64.Build.0 = Release|x64
		{98E4B0A3-975C-47DE-8933-9E535143DB11}.Release|x86.ActiveCfg = Release|Win32
		{98E4B0A3-975C-47DE-8933-9E535143DB11}.Release|x86.Build.0 = Release|Win32
		{A8CA556A-C3AD-4151-8495-E80F86FAC187}.Debug|x64.ActiveCfg = Debug|x64
		{A8CA556A-C3AD-4151-8495-E80F86FAC187}.Debug|x64.Build.0 = Debug|x64
		{A8CA556A-C3AD-4151-8495-E80F86FAC187}.Debug|x86.ActiveCfg = Debug|Win32
		{A8CA556A-C3AD-4151-8495-E80F86FAC187}.Debug|x86.Build.0 = Debug|Win32
		{A8CA556A-C3AD-4151-8495-E80F86FAC187}.Release|x64.ActiveCfg = Release|x64
		{A8CA556A-C3AD-4151-8495-E80F86FAC187}.Release|x64.Build.0 = Release|x64
		{A8CA556A-C3AD-4151-8495-E80F86FAC187}.Release|x86.ActiveCfg = Release|Win32
		{A8CA556A-C3AD-4151-8495-E80F86FAC187}.Release|x86.Build.0 = Release|Win32
		{E04A155E-6C17-4D8B-95A1-1CE8B4D37E51}.Debug|x64.ActiveCfg = Debug|x64
		{E04A155E-6C17-4D8B-95A1-1CE8B4D37E51}.Debug|x64.Build.0 = Debug|x64
		{E04A155E-6C17-4D8B-95A1-1CE8B4D37E51}.Debug|x86.ActiveCfg = Debug|Win32
		{E04A155E-6C17-4D8B-95A1-1CE8B4D37E51}.Debug|x86.Build.0 = Debug|Win32
		{E04A155E-6C17-4D8B-95A1-1CE8B4D37E51}.Release|x64.ActiveCfg = Release|x64
		{E04A155E-6C17-4D8B-95A1-1CE8B4D37E51}.Release|x64.Build.0 = Release|x64
		{E04A155E-6C17-4D8B-95A1-1CE8B4D37E51}.Release|x86.ActiveCfg = Release|Win32
		{E04A155E-6C17-4D8B-95A1-1CE8B4D37E51}.Release|x86.Build.0 = Release|Win32
		{57114FC7-F867-49D8-B0C9-3D9E42055DBD}.Debug|x64.ActiveCfg = Debug|x64
		{57114FC7-F867-49D8-B0C9-3D9E42055DBD}.Debug|x64.Build.0 = Debug|x64
		{57114FC7-F867-49D8-B0C9-3D9E42055DBD}.Debug|x86.ActiveCfg = Debug|Win32
		{57114FC7-F867-49D8-B0C9-3D9E42055DBD}.Debug|x86.Build.0 = Debug|Win32
		{57114FC7-F867-49D8-B0C9-3D9E42055DBD}.Release|x64.ActiveCfg = Release|x64
		{57114FC7-F867-49D8-B0C9-3D9E42055DBD}.Release|x64.Build.0 = Release|x64
		{57114FC7-F867-49D8-B0C9-3D9E42055DBD}.Release|x86.ActiveCfg = Release|Win32
		{57114FC7-F867-49D8-B0C9-3D9E42055DBD}.Release|x86.Build.0 = Release|Win32
		{19F3E541-FF50-41E2-BCF0-2B50C2AAD73F}.Debug|x64.ActiveCfg = Debug|x64
		{19F3E541-FF50-41E2-BCF0-2B50C2AAD73F}.Debug|x64.Build.0 = Debug|x64
		{19F3E541-FF50-41E2-BCF0-2B50C2AAD73F}.Debug|x86.ActiveCfg = Debug|Win32
		{19F3E541-FF50-41E2-BCF0-2B50C2AAD73F}.Debug|x86.Build.0 = Debug|Win32
		{19F3E541-FF50-41E2-BCF0-2B50C2AAD73F}.Release|x64.ActiveCfg = Release|x64
		{19F3E541-FF50-41E2-BCF0-2B50C2AAD73F}.Release|x64.Build.0 = Release|x64
		{19F3E541-FF50-41E2-BCF0-2B50C2AAD73F}.Release|x86.ActiveCfg = Release|Win32
		{19F3E541-FF50-41E2-BCF0-2B50C2AAD73F}.Release|x86.Build.0 = Release|Win32
		{6BA2B153-E5B9-41B1-A37D-03E4A543FDED}.Debug|x64.ActiveCfg = Debug|x64
		{6BA2B153-E5B9-41B1-A37D-03E4A543FDED}.Debug|x64.Build.0 = Debug|x64
		{6BA2B153-E5B9-41B1-A37D-03E4A543FDED}.Debug|x86.ActiveCfg = Debug|Win32
		{6BA2B153-E5B9-41B1-A37D-03E4A543FDED}.Debug|x86.Build.0 = Debug|Win32
		{6BA2B153-E5B9-41B1-A37D-03E4A543FDED}.Release|x64.ActiveCfg = Release|x64
		{6BA2B153-E5B9-41B1-A37D-03E4A543FDED}.Release|x64.Build.0 = Release|x64
		{6BA2B153-E5B9-41B1-A37D-03E4A543FDED}.Release|x86.ActiveCfg = Release|Win32
		{6BA2B153-E5B9-41B1-A37D-03E4A543FDED}.Release|x86.Build.0 = Release|Win32
	EndGlobalSection
	GlobalSection(SolutionProperties) = preSolution
		HideSolutionNode = FALSE
	EndGlobalSection
EndGlobal
